// !$*UTF8*$!
{
	archiveVersion = 1;
	classes = {
	};
	objectVersion = 56;
	objects = {

/* Begin PBXBuildFile section */
		6F65703871894BE0A02E1B6F /* Pods_Firebase.framework in Frameworks */ = {isa = PBXBuildFile; fileRef = 6A07314C93E1F44CECC6F57C /* Pods_Firebase.framework */; };
		A84D74442A0504B300FFB98F /* Message.swift in Sources */ = {isa = PBXBuildFile; fileRef = A84D74432A0504B300FFB98F /* Message.swift */; };
		A85B718029FE70B400F33669 /* AppDelegate.swift in Sources */ = {isa = PBXBuildFile; fileRef = A85B717F29FE70B400F33669 /* AppDelegate.swift */; };
		A85B718229FE70B400F33669 /* SceneDelegate.swift in Sources */ = {isa = PBXBuildFile; fileRef = A85B718129FE70B400F33669 /* SceneDelegate.swift */; };
		A85B718729FE70B400F33669 /* Main.storyboard in Resources */ = {isa = PBXBuildFile; fileRef = A85B718529FE70B400F33669 /* Main.storyboard */; };
		A85B718929FE70B800F33669 /* Assets.xcassets in Resources */ = {isa = PBXBuildFile; fileRef = A85B718829FE70B800F33669 /* Assets.xcassets */; };
		A85B718C29FE70B900F33669 /* LaunchScreen.storyboard in Resources */ = {isa = PBXBuildFile; fileRef = A85B718A29FE70B900F33669 /* LaunchScreen.storyboard */; };
		A85B719429FE730E00F33669 /* WelcomeViewController.swift in Sources */ = {isa = PBXBuildFile; fileRef = A85B719329FE730E00F33669 /* WelcomeViewController.swift */; };
		A85B719629FE732E00F33669 /* RegisterViewController.swift in Sources */ = {isa = PBXBuildFile; fileRef = A85B719529FE732E00F33669 /* RegisterViewController.swift */; };
		A85B719829FE735600F33669 /* LoginViewController.swift in Sources */ = {isa = PBXBuildFile; fileRef = A85B719729FE735600F33669 /* LoginViewController.swift */; };
		A85B719A29FE739A00F33669 /* ChatViewController.swift in Sources */ = {isa = PBXBuildFile; fileRef = A85B719929FE739A00F33669 /* ChatViewController.swift */; };
		A88EC22929FFB45A002C792D /* Constants.swift in Sources */ = {isa = PBXBuildFile; fileRef = A88EC22829FFB45A002C792D /* Constants.swift */; };
		A8F1A9B029FEE416000AB19D /* GoogleService-Info.plist in Resources */ = {isa = PBXBuildFile; fileRef = A8F1A9AF29FEE415000AB19D /* GoogleService-Info.plist */; };
/* End PBXBuildFile section */

/* Begin PBXFileReference section */
		4C0DBA45FA46B61130025464 /* Pods-Firebase.debug.xcconfig */ = {isa = PBXFileReference; includeInIndex = 1; lastKnownFileType = text.xcconfig; name = "Pods-Firebase.debug.xcconfig"; path = "Target Support Files/Pods-Firebase/Pods-Firebase.debug.xcconfig"; sourceTree = "<group>"; };
		6A07314C93E1F44CECC6F57C /* Pods_Firebase.framework */ = {isa = PBXFileReference; explicitFileType = wrapper.framework; includeInIndex = 0; path = Pods_Firebase.framework; sourceTree = BUILT_PRODUCTS_DIR; };
		A84D74432A0504B300FFB98F /* Message.swift */ = {isa = PBXFileReference; lastKnownFileType = sourcecode.swift; name = Message.swift; path = Firebase/Message.swift; sourceTree = SOURCE_ROOT; };
		A85B717C29FE70B400F33669 /* Firebase.app */ = {isa = PBXFileReference; explicitFileType = wrapper.application; includeInIndex = 0; path = Firebase.app; sourceTree = BUILT_PRODUCTS_DIR; };
		A85B717F29FE70B400F33669 /* AppDelegate.swift */ = {isa = PBXFileReference; lastKnownFileType = sourcecode.swift; path = AppDelegate.swift; sourceTree = "<group>"; };
		A85B718129FE70B400F33669 /* SceneDelegate.swift */ = {isa = PBXFileReference; lastKnownFileType = sourcecode.swift; path = SceneDelegate.swift; sourceTree = "<group>"; };
		A85B718629FE70B400F33669 /* Base */ = {isa = PBXFileReference; lastKnownFileType = file.storyboard; name = Base; path = Base.lproj/Main.storyboard; sourceTree = "<group>"; };
		A85B718829FE70B800F33669 /* Assets.xcassets */ = {isa = PBXFileReference; lastKnownFileType = folder.assetcatalog; path = Assets.xcassets; sourceTree = "<group>"; };
		A85B718B29FE70B900F33669 /* Base */ = {isa = PBXFileReference; lastKnownFileType = file.storyboard; name = Base; path = Base.lproj/LaunchScreen.storyboard; sourceTree = "<group>"; };
		A85B718D29FE70B900F33669 /* Info.plist */ = {isa = PBXFileReference; lastKnownFileType = text.plist.xml; path = Info.plist; sourceTree = "<group>"; };
		A85B719329FE730E00F33669 /* WelcomeViewController.swift */ = {isa = PBXFileReference; lastKnownFileType = sourcecode.swift; path = WelcomeViewController.swift; sourceTree = "<group>"; };
		A85B719529FE732E00F33669 /* RegisterViewController.swift */ = {isa = PBXFileReference; lastKnownFileType = sourcecode.swift; path = RegisterViewController.swift; sourceTree = "<group>"; };
		A85B719729FE735600F33669 /* LoginViewController.swift */ = {isa = PBXFileReference; lastKnownFileType = sourcecode.swift; path = LoginViewController.swift; sourceTree = "<group>"; };
		A85B719929FE739A00F33669 /* ChatViewController.swift */ = {isa = PBXFileReference; lastKnownFileType = sourcecode.swift; path = ChatViewController.swift; sourceTree = "<group>"; };
		A88EC22829FFB45A002C792D /* Constants.swift */ = {isa = PBXFileReference; lastKnownFileType = sourcecode.swift; path = Constants.swift; sourceTree = "<group>"; };
		A8F1A9AF29FEE415000AB19D /* GoogleService-Info.plist */ = {isa = PBXFileReference; fileEncoding = 4; lastKnownFileType = text.plist.xml; path = "GoogleService-Info.plist"; sourceTree = "<group>"; };
		D2C58876AF158C2E73985AC6 /* Pods-Firebase.release.xcconfig */ = {isa = PBXFileReference; includeInIndex = 1; lastKnownFileType = text.xcconfig; name = "Pods-Firebase.release.xcconfig"; path = "Target Support Files/Pods-Firebase/Pods-Firebase.release.xcconfig"; sourceTree = "<group>"; };
/* End PBXFileReference section */

/* Begin PBXFrameworksBuildPhase section */
		A85B717929FE70B400F33669 /* Frameworks */ = {
			isa = PBXFrameworksBuildPhase;
			buildActionMask = 2147483647;
			files = (
				6F65703871894BE0A02E1B6F /* Pods_Firebase.framework in Frameworks */,
			);
			runOnlyForDeploymentPostprocessing = 0;
		};
/* End PBXFrameworksBuildPhase section */

/* Begin PBXGroup section */
		015CF21007197288F5674214 /* Pods */ = {
			isa = PBXGroup;
			children = (
				4C0DBA45FA46B61130025464 /* Pods-Firebase.debug.xcconfig */,
				D2C58876AF158C2E73985AC6 /* Pods-Firebase.release.xcconfig */,
			);
			path = Pods;
			sourceTree = "<group>";
		};
		A85B717329FE70B400F33669 = {
			isa = PBXGroup;
			children = (
				A85B717E29FE70B400F33669 /* Firebase */,
				A85B717D29FE70B400F33669 /* Products */,
				015CF21007197288F5674214 /* Pods */,
				B1F88410B2D4D7569F88CF0D /* Frameworks */,
			);
			sourceTree = "<group>";
		};
		A85B717D29FE70B400F33669 /* Products */ = {
			isa = PBXGroup;
			children = (
				A85B717C29FE70B400F33669 /* Firebase.app */,
			);
			name = Products;
			sourceTree = "<group>";
		};
		A85B717E29FE70B400F33669 /* Firebase */ = {
			isa = PBXGroup;
			children = (
				A85B717F29FE70B400F33669 /* AppDelegate.swift */,
				A85B718129FE70B400F33669 /* SceneDelegate.swift */,
				A85B719E29FE73ED00F33669 /* Models */,
				A85B719D29FE73DF00F33669 /* Views */,
				A85B719C29FE73B800F33669 /* Controllers */,
				A85B718829FE70B800F33669 /* Assets.xcassets */,
				A85B718A29FE70B900F33669 /* LaunchScreen.storyboard */,
				A85B718D29FE70B900F33669 /* Info.plist */,
				A8F1A9AF29FEE415000AB19D /* GoogleService-Info.plist */,
				A88EC22829FFB45A002C792D /* Constants.swift */,
			);
			path = Firebase;
			sourceTree = "<group>";
		};
		A85B719C29FE73B800F33669 /* Controllers */ = {
			isa = PBXGroup;
			children = (
				A85B719329FE730E00F33669 /* WelcomeViewController.swift */,
				A85B719529FE732E00F33669 /* RegisterViewController.swift */,
				A85B719729FE735600F33669 /* LoginViewController.swift */,
				A85B719929FE739A00F33669 /* ChatViewController.swift */,
			);
			path = Controllers;
			sourceTree = "<group>";
		};
		A85B719D29FE73DF00F33669 /* Views */ = {
			isa = PBXGroup;
			children = (
				A85B718529FE70B400F33669 /* Main.storyboard */,
			);
			path = Views;
			sourceTree = "<group>";
		};
		A85B719E29FE73ED00F33669 /* Models */ = {
			isa = PBXGroup;
			children = (
				A84D74432A0504B300FFB98F /* Message.swift */,
			);
			path = Models;
			sourceTree = "<group>";
		};
		B1F88410B2D4D7569F88CF0D /* Frameworks */ = {
			isa = PBXGroup;
			children = (
				6A07314C93E1F44CECC6F57C /* Pods_Firebase.framework */,
			);
			name = Frameworks;
			sourceTree = "<group>";
		};
/* End PBXGroup section */

/* Begin PBXNativeTarget section */
		A85B717B29FE70B400F33669 /* Firebase */ = {
			isa = PBXNativeTarget;
			buildConfigurationList = A85B719029FE70B900F33669 /* Build configuration list for PBXNativeTarget "Firebase" */;
			buildPhases = (
				E359207C3E27FE16E75E89E2 /* [CP] Check Pods Manifest.lock */,
				A85B717829FE70B400F33669 /* Sources */,
				A85B717929FE70B400F33669 /* Frameworks */,
				A85B717A29FE70B400F33669 /* Resources */,
				A6372D9744123DF80A49DA52 /* [CP] Embed Pods Frameworks */,
			);
			buildRules = (
			);
			dependencies = (
			);
			name = Firebase;
			productName = Firebase;
			productReference = A85B717C29FE70B400F33669 /* Firebase.app */;
			productType = "com.apple.product-type.application";
		};
/* End PBXNativeTarget section */

/* Begin PBXProject section */
		A85B717429FE70B400F33669 /* Project object */ = {
			isa = PBXProject;
			attributes = {
				BuildIndependentTargetsInParallel = 1;
				LastSwiftUpdateCheck = 1420;
				LastUpgradeCheck = 1420;
				TargetAttributes = {
					A85B717B29FE70B400F33669 = {
						CreatedOnToolsVersion = 14.2;
					};
				};
			};
			buildConfigurationList = A85B717729FE70B400F33669 /* Build configuration list for PBXProject "Firebase" */;
			compatibilityVersion = "Xcode 14.0";
			developmentRegion = en;
			hasScannedForEncodings = 0;
			knownRegions = (
				en,
				Base,
			);
			mainGroup = A85B717329FE70B400F33669;
			productRefGroup = A85B717D29FE70B400F33669 /* Products */;
			projectDirPath = "";
			projectRoot = "";
			targets = (
				A85B717B29FE70B400F33669 /* Firebase */,
			);
		};
/* End PBXProject section */

/* Begin PBXResourcesBuildPhase section */
		A85B717A29FE70B400F33669 /* Resources */ = {
			isa = PBXResourcesBuildPhase;
			buildActionMask = 2147483647;
			files = (
				A85B718C29FE70B900F33669 /* LaunchScreen.storyboard in Resources */,
				A8F1A9B029FEE416000AB19D /* GoogleService-Info.plist in Resources */,
				A85B718929FE70B800F33669 /* Assets.xcassets in Resources */,
				A85B718729FE70B400F33669 /* Main.storyboard in Resources */,
			);
			runOnlyForDeploymentPostprocessing = 0;
		};
/* End PBXResourcesBuildPhase section */

/* Begin PBXShellScriptBuildPhase section */
		A6372D9744123DF80A49DA52 /* [CP] Embed Pods Frameworks */ = {
			isa = PBXShellScriptBuildPhase;
			buildActionMask = 2147483647;
			files = (
			);
			inputFileListPaths = (
				"${PODS_ROOT}/Target Support Files/Pods-Firebase/Pods-Firebase-frameworks-${CONFIGURATION}-input-files.xcfilelist",
			);
			name = "[CP] Embed Pods Frameworks";
			outputFileListPaths = (
				"${PODS_ROOT}/Target Support Files/Pods-Firebase/Pods-Firebase-frameworks-${CONFIGURATION}-output-files.xcfilelist",
			);
			runOnlyForDeploymentPostprocessing = 0;
			shellPath = /bin/sh;
			shellScript = "\"${PODS_ROOT}/Target Support Files/Pods-Firebase/Pods-Firebase-frameworks.sh\"\n";
			showEnvVarsInLog = 0;
		};
		E359207C3E27FE16E75E89E2 /* [CP] Check Pods Manifest.lock */ = {
			isa = PBXShellScriptBuildPhase;
			buildActionMask = 2147483647;
			files = (
			);
			inputFileListPaths = (
			);
			inputPaths = (
				"${PODS_PODFILE_DIR_PATH}/Podfile.lock",
				"${PODS_ROOT}/Manifest.lock",
			);
			name = "[CP] Check Pods Manifest.lock";
			outputFileListPaths = (
			);
			outputPaths = (
				"$(DERIVED_FILE_DIR)/Pods-Firebase-checkManifestLockResult.txt",
			);
			runOnlyForDeploymentPostprocessing = 0;
			shellPath = /bin/sh;
			shellScript = "diff \"${PODS_PODFILE_DIR_PATH}/Podfile.lock\" \"${PODS_ROOT}/Manifest.lock\" > /dev/null\nif [ $? != 0 ] ; then\n    # print error to STDERR\n    echo \"error: The sandbox is not in sync with the Podfile.lock. Run 'pod install' or update your CocoaPods installation.\" >&2\n    exit 1\nfi\n# This output is used by Xcode 'outputs' to avoid re-running this script phase.\necho \"SUCCESS\" > \"${SCRIPT_OUTPUT_FILE_0}\"\n";
			showEnvVarsInLog = 0;
		};
/* End PBXShellScriptBuildPhase section */

/* Begin PBXSourcesBuildPhase section */
		A85B717829FE70B400F33669 /* Sources */ = {
			isa = PBXSourcesBuildPhase;
			buildActionMask = 2147483647;
			files = (
				A85B719829FE735600F33669 /* LoginViewController.swift in Sources */,
				A85B719629FE732E00F33669 /* RegisterViewController.swift in Sources */,
				A85B719A29FE739A00F33669 /* ChatViewController.swift in Sources */,
				A85B719429FE730E00F33669 /* WelcomeViewController.swift in Sources */,
				A88EC22929FFB45A002C792D /* Constants.swift in Sources */,
				A84D74442A0504B300FFB98F /* Message.swift in Sources */,
				A85B718029FE70B400F33669 /* AppDelegate.swift in Sources */,
				A85B718229FE70B400F33669 /* SceneDelegate.swift in Sources */,
			);
			runOnlyForDeploymentPostprocessing = 0;
		};
/* End PBXSourcesBuildPhase section */

/* Begin PBXVariantGroup section */
		A85B718529FE70B400F33669 /* Main.storyboard */ = {
			isa = PBXVariantGroup;
			children = (
				A85B718629FE70B400F33669 /* Base */,
			);
			name = Main.storyboard;
			sourceTree = "<group>";
		};
		A85B718A29FE70B900F33669 /* LaunchScreen.storyboard */ = {
			isa = PBXVariantGroup;
			children = (
				A85B718B29FE70B900F33669 /* Base */,
			);
			name = LaunchScreen.storyboard;
			sourceTree = "<group>";
		};
/* End PBXVariantGroup section */

/* Begin XCBuildConfiguration section */
		A85B718E29FE70B900F33669 /* Debug */ = {
			isa = XCBuildConfiguration;
			buildSettings = {
				ALWAYS_SEARCH_USER_PATHS = NO;
				CLANG_ANALYZER_NONNULL = YES;
				CLANG_ANALYZER_NUMBER_OBJECT_CONVERSION = YES_AGGRESSIVE;
				CLANG_CXX_LANGUAGE_STANDARD = "gnu++20";
				CLANG_ENABLE_MODULES = YES;
				CLANG_ENABLE_OBJC_ARC = YES;
				CLANG_ENABLE_OBJC_WEAK = YES;
				CLANG_WARN_BLOCK_CAPTURE_AUTORELEASING = YES;
				CLANG_WARN_BOOL_CONVERSION = YES;
				CLANG_WARN_COMMA = YES;
				CLANG_WARN_CONSTANT_CONVERSION = YES;
				CLANG_WARN_DEPRECATED_OBJC_IMPLEMENTATIONS = YES;
				CLANG_WARN_DIRECT_OBJC_ISA_USAGE = YES_ERROR;
				CLANG_WARN_DOCUMENTATION_COMMENTS = YES;
				CLANG_WARN_EMPTY_BODY = YES;
				CLANG_WARN_ENUM_CONVERSION = YES;
				CLANG_WARN_INFINITE_RECURSION = YES;
				CLANG_WARN_INT_CONVERSION = YES;
				CLANG_WARN_NON_LITERAL_NULL_CONVERSION = YES;
				CLANG_WARN_OBJC_IMPLICIT_RETAIN_SELF = YES;
				CLANG_WARN_OBJC_LITERAL_CONVERSION = YES;
				CLANG_WARN_OBJC_ROOT_CLASS = YES_ERROR;
				CLANG_WARN_QUOTED_INCLUDE_IN_FRAMEWORK_HEADER = YES;
				CLANG_WARN_RANGE_LOOP_ANALYSIS = YES;
				CLANG_WARN_STRICT_PROTOTYPES = YES;
				CLANG_WARN_SUSPICIOUS_MOVE = YES;
				CLANG_WARN_UNGUARDED_AVAILABILITY = YES_AGGRESSIVE;
				CLANG_WARN_UNREACHABLE_CODE = YES;
				CLANG_WARN__DUPLICATE_METHOD_MATCH = YES;
				COPY_PHASE_STRIP = NO;
				DEBUG_INFORMATION_FORMAT = dwarf;
				ENABLE_STRICT_OBJC_MSGSEND = YES;
				ENABLE_TESTABILITY = YES;
				GCC_C_LANGUAGE_STANDARD = gnu11;
				GCC_DYNAMIC_NO_PIC = NO;
				GCC_NO_COMMON_BLOCKS = YES;
				GCC_OPTIMIZATION_LEVEL = 0;
				GCC_PREPROCESSOR_DEFINITIONS = (
					"DEBUG=1",
					"$(inherited)",
				);
				GCC_WARN_64_TO_32_BIT_CONVERSION = YES;
				GCC_WARN_ABOUT_RETURN_TYPE = YES_ERROR;
				GCC_WARN_UNDECLARED_SELECTOR = YES;
				GCC_WARN_UNINITIALIZED_AUTOS = YES_AGGRESSIVE;
				GCC_WARN_UNUSED_FUNCTION = YES;
				GCC_WARN_UNUSED_VARIABLE = YES;
				IPHONEOS_DEPLOYMENT_TARGET = 16.2;
				MTL_ENABLE_DEBUG_INFO = INCLUDE_SOURCE;
				MTL_FAST_MATH = YES;
				ONLY_ACTIVE_ARCH = YES;
				SDKROOT = iphoneos;
				SWIFT_ACTIVE_COMPILATION_CONDITIONS = DEBUG;
				SWIFT_OPTIMIZATION_LEVEL = "-Onone";
			};
			name = Debug;
		};
		A85B718F29FE70B900F33669 /* Release */ = {
			isa = XCBuildConfiguration;
			buildSettings = {
				ALWAYS_SEARCH_USER_PATHS = NO;
				CLANG_ANALYZER_NONNULL = YES;
				CLANG_ANALYZER_NUMBER_OBJECT_CONVERSION = YES_AGGRESSIVE;
				CLANG_CXX_LANGUAGE_STANDARD = "gnu++20";
				CLANG_ENABLE_MODULES = YES;
				CLANG_ENABLE_OBJC_ARC = YES;
				CLANG_ENABLE_OBJC_WEAK = YES;
				CLANG_WARN_BLOCK_CAPTURE_AUTORELEASING = YES;
				CLANG_WARN_BOOL_CONVERSION = YES;
				CLANG_WARN_COMMA = YES;
				CLANG_WARN_CONSTANT_CONVERSION = YES;
				CLANG_WARN_DEPRECATED_OBJC_IMPLEMENTATIONS = YES;
				CLANG_WARN_DIRECT_OBJC_ISA_USAGE = YES_ERROR;
				CLANG_WARN_DOCUMENTATION_COMMENTS = YES;
				CLANG_WARN_EMPTY_BODY = YES;
				CLANG_WARN_ENUM_CONVERSION = YES;
				CLANG_WARN_INFINITE_RECURSION = YES;
				CLANG_WARN_INT_CONVERSION = YES;
				CLANG_WARN_NON_LITERAL_NULL_CONVERSION = YES;
				CLANG_WARN_OBJC_IMPLICIT_RETAIN_SELF = YES;
				CLANG_WARN_OBJC_LITERAL_CONVERSION = YES;
				CLANG_WARN_OBJC_ROOT_CLASS = YES_ERROR;
				CLANG_WARN_QUOTED_INCLUDE_IN_FRAMEWORK_HEADER = YES;
				CLANG_WARN_RANGE_LOOP_ANALYSIS = YES;
				CLANG_WARN_STRICT_PROTOTYPES = YES;
				CLANG_WARN_SUSPICIOUS_MOVE = YES;
				CLANG_WARN_UNGUARDED_AVAILABILITY = YES_AGGRESSIVE;
				CLANG_WARN_UNREACHABLE_CODE = YES;
				CLANG_WARN__DUPLICATE_METHOD_MATCH = YES;
				COPY_PHASE_STRIP = NO;
				DEBUG_INFORMATION_FORMAT = "dwarf-with-dsym";
				ENABLE_NS_ASSERTIONS = NO;
				ENABLE_STRICT_OBJC_MSGSEND = YES;
				GCC_C_LANGUAGE_STANDARD = gnu11;
				GCC_NO_COMMON_BLOCKS = YES;
				GCC_WARN_64_TO_32_BIT_CONVERSION = YES;
				GCC_WARN_ABOUT_RETURN_TYPE = YES_ERROR;
				GCC_WARN_UNDECLARED_SELECTOR = YES;
				GCC_WARN_UNINITIALIZED_AUTOS = YES_AGGRESSIVE;
				GCC_WARN_UNUSED_FUNCTION = YES;
				GCC_WARN_UNUSED_VARIABLE = YES;
				IPHONEOS_DEPLOYMENT_TARGET = 16.2;
				MTL_ENABLE_DEBUG_INFO = NO;
				MTL_FAST_MATH = YES;
				SDKROOT = iphoneos;
				SWIFT_COMPILATION_MODE = wholemodule;
				SWIFT_OPTIMIZATION_LEVEL = "-O";
				VALIDATE_PRODUCT = YES;
			};
			name = Release;
		};
		A85B719129FE70B900F33669 /* Debug */ = {
			isa = XCBuildConfiguration;
			baseConfigurationReference = 4C0DBA45FA46B61130025464 /* Pods-Firebase.debug.xcconfig */;
			buildSettings = {
				ASSETCATALOG_COMPILER_APPICON_NAME = AppIcon;
				ASSETCATALOG_COMPILER_GLOBAL_ACCENT_COLOR_NAME = AccentColor;
				CODE_SIGN_STYLE = Automatic;
				CURRENT_PROJECT_VERSION = 1;
				GENERATE_INFOPLIST_FILE = YES;
				INFOPLIST_FILE = Firebase/Info.plist;
				INFOPLIST_KEY_UIApplicationSupportsIndirectInputEvents = YES;
				INFOPLIST_KEY_UILaunchStoryboardName = LaunchScreen;
				INFOPLIST_KEY_UIMainStoryboardFile = Main;
				INFOPLIST_KEY_UISupportedInterfaceOrientations_iPad = "UIInterfaceOrientationPortrait UIInterfaceOrientationPortraitUpsideDown UIInterfaceOrientationLandscapeLeft UIInterfaceOrientationLandscapeRight";
				INFOPLIST_KEY_UISupportedInterfaceOrientations_iPhone = "UIInterfaceOrientationPortrait UIInterfaceOrientationLandscapeLeft UIInterfaceOrientationLandscapeRight";
				LD_RUNPATH_SEARCH_PATHS = (
					"$(inherited)",
					"@executable_path/Frameworks",
				);
				MARKETING_VERSION = 1.0;
				PRODUCT_BUNDLE_IDENTIFIER = com.lonewolfnadhu.firebase;
				PRODUCT_NAME = "$(TARGET_NAME)";
				SWIFT_EMIT_LOC_STRINGS = YES;
				SWIFT_VERSION = 5.0;
				TARGETED_DEVICE_FAMILY = "1,2";
			};
			name = Debug;
		};
		A85B719229FE70B900F33669 /* Release */ = {
			isa = XCBuildConfiguration;
			baseConfigurationReference = D2C58876AF158C2E73985AC6 /* Pods-Firebase.release.xcconfig */;
			buildSettings = {
				ASSETCATALOG_COMPILER_APPICON_NAME = AppIcon;
				ASSETCATALOG_COMPILER_GLOBAL_ACCENT_COLOR_NAME = AccentColor;
				CODE_SIGN_STYLE = Automatic;
				CURRENT_PROJECT_VERSION = 1;
				GENERATE_INFOPLIST_FILE = YES;
				INFOPLIST_FILE = Firebase/Info.plist;
				INFOPLIST_KEY_UIApplicationSupportsIndirectInputEvents = YES;
				INFOPLIST_KEY_UILaunchStoryboardName = LaunchScreen;
				INFOPLIST_KEY_UIMainStoryboardFile = Main;
				INFOPLIST_KEY_UISupportedInterfaceOrientations_iPad = "UIInterfaceOrientationPortrait UIInterfaceOrientationPortraitUpsideDown UIInterfaceOrientationLandscapeLeft UIInterfaceOrientationLandscapeRight";
				INFOPLIST_KEY_UISupportedInterfaceOrientations_iPhone = "UIInterfaceOrientationPortrait UIInterfaceOrientationLandscapeLeft UIInterfaceOrientationLandscapeRight";
				LD_RUNPATH_SEARCH_PATHS = (
					"$(inherited)",
					"@executable_path/Frameworks",
				);
				MARKETING_VERSION = 1.0;
				PRODUCT_BUNDLE_IDENTIFIER = com.lonewolfnadhu.firebase;
				PRODUCT_NAME = "$(TARGET_NAME)";
				SWIFT_EMIT_LOC_STRINGS = YES;
				SWIFT_VERSION = 5.0;
				TARGETED_DEVICE_FAMILY = "1,2";
			};
			name = Release;
		};
/* End XCBuildConfiguration section */

/* Begin XCConfigurationList section */
		A85B717729FE70B400F33669 /* Build configuration list for PBXProject "Firebase" */ = {
			isa = XCConfigurationList;
			buildConfigurations = (
				A85B718E29FE70B900F33669 /* Debug */,
				A85B718F29FE70B900F33669 /* Release */,
			);
			defaultConfigurationIsVisible = 0;
			defaultConfigurationName = Release;
		};
		A85B719029FE70B900F33669 /* Build configuration list for PBXNativeTarget "Firebase" */ = {
			isa = XCConfigurationList;
			buildConfigurations = (
				A85B719129FE70B900F33669 /* Debug */,
				A85B719229FE70B900F33669 /* Release */,
			);
			defaultConfigurationIsVisible = 0;
			defaultConfigurationName = Release;
		};
/* End XCConfigurationList section */
	};
	rootObject = A85B717429FE70B400F33669 /* Project object */;
}
